
Microsoft Visual Studio Solution File, Format Version 11.00
# Visual Studio 2010
Project("{FAE04EC0-301F-11D3-BF4B-00C04F79EFBC}") = "SinoSysMonitorCenter", "SinoSysMonitorCenter\SinoSysMonitorCenter.csproj", "{CFCD5737-FD27-42EA-9675-88ADAF9AEDEA}"
EndProject
Project("{FAE04EC0-301F-11D3-BF4B-00C04F79EFBC}") = "SinoSystemWatch", "SinoSystemWatch\SinoSystemWatch.csproj", "{59A060BA-1D1D-43C2-9C4E-51E368F67FE3}"
EndProject
Project("{FAE04EC0-301F-11D3-BF4B-00C04F79EFBC}") = "SinoSystemWatch.Base", "SinoSystemWatch.Base\SinoSystemWatch.Base.csproj", "{937D10FA-6EBE-4B1E-A1E5-C76EA6DDE779}"
EndProject
Project("{FAE04EC0-301F-11D3-BF4B-00C04F79EFBC}") = "SinoSysWatchService", "SinoSysWatchService\SinoSysWatchService.csproj", "{47E44659-1F13-4CC2-AF02-B7BFDCE1B748}"
EndProject
Project("{FAE04EC0-301F-11D3-BF4B-00C04F79EFBC}") = "SinoSysWatchService.System", "SinoSysWatchService.System\SinoSysWatchService.System.csproj", "{570709B7-2FC6-4EA2-AC5F-841851E1BBFC}"
EndProject
Project("{FAE04EC0-301F-11D3-BF4B-00C04F79EFBC}") = "SysWatchServiceLib", "SysWatchServiceLib\SysWatchServiceLib.csproj", "{D7AB2B9F-1F0C-4DBE-94E5-2BC1CBA2BDE5}"
EndProject
Project("{FAE04EC0-301F-11D3-BF4B-00C04F79EFBC}") = "SinoSysWatchService.DataBase", "SinoSysWatchService.DataBase\SinoSysWatchService.DataBase.csproj", "{858F1C1F-4D9B-4A92-B592-0CC47B5EBE8E}"
EndProject
Project("{FAE04EC0-301F-11D3-BF4B-00C04F79EFBC}") = "SinoSysWatchService.Application", "SinoSysWatchService.Application\SinoSysWatchService.Application.csproj", "{3045A7FB-C841-4C65-978C-405D04151AC7}"
EndProject
Project("{FAE04EC0-301F-11D3-BF4B-00C04F79EFBC}") = "SinoSZJS.Base", "SinoSZJS.Base\SinoSZJS.Base.csproj", "{76FC4ED1-A1D0-4167-9C82-2B69EFF6A33B}"
EndProject
Project("{FAE04EC0-301F-11D3-BF4B-00C04F79EFBC}") = "SinoSysWatchService.Task", "SinoSysWatchService.Task\SinoSysWatchService.Task.csproj", "{E625E740-C709-4EBE-AAD2-A32BAE2359A3}"
EndProject
Project("{FAE04EC0-301F-11D3-BF4B-00C04F79EFBC}") = "SinoSZJS.DataAccess", "SinoSZJS.DataAccess\SinoSZJS.DataAccess.csproj", "{C41251E4-BC9E-4A3C-92D0-22682FBAA541}"
EndProject
Project("{54435603-DBB4-11D2-8724-00A0C9A8B90C}") = "SinoSysWatchService.Setup", "SinoSysWatchService.Setup\SinoSysWatchService.Setup.vdproj", "{DC6A1AA0-7AF1-4F27-8878-880B6A3F7C7E}"
EndProject
Project("{54435603-DBB4-11D2-8724-00A0C9A8B90C}") = "SinoSysMonitorCenter.Setup", "SinoSysMonitorCenter.Setup\SinoSysMonitorCenter.Setup.vdproj", "{8444F792-142D-4CE6-8167-A41FEBEB384A}"
EndProject
Project("{54435603-DBB4-11D2-8724-00A0C9A8B90C}") = "SinoSysWatch.Setup", "SinoSysWatch.Setup\SinoSysWatch.Setup.vdproj", "{DF1D6FF1-73CC-459D-BBC9-384B32F6E6F2}"
EndProject
Project("{FAE04EC0-301F-11D3-BF4B-00C04F79EFBC}") = "SinoSystemWatch.Config", "SinoSystemWatch.Config\SinoSystemWatch.Config.csproj", "{02225C7E-CC03-466D-9D6E-96CB6DD98E83}"
EndProject
Global
	GlobalSection(TeamFoundationVersionControl) = preSolution
		SccNumberOfProjects = 16
		SccEnterpriseProvider = {4CA58AB2-18FA-4F8D-95D4-32DDF27D184C}
		SccTeamFoundationServer = http://192.168.1.254:8080/tfs/defaultcollection
		SccLocalPath0 = .
		SccProjectUniqueName1 = SinoSysMonitorCenter\\SinoSysMonitorCenter.csproj
		SccProjectName1 = SinoSysMonitorCenter
		SccLocalPath1 = SinoSysMonitorCenter
		SccProjectUniqueName2 = SinoSystemWatch\\SinoSystemWatch.csproj
		SccProjectName2 = SinoSystemWatch
		SccLocalPath2 = SinoSystemWatch
		SccProjectUniqueName3 = SinoSystemWatch.Base\\SinoSystemWatch.Base.csproj
		SccProjectName3 = SinoSystemWatch.Base
		SccLocalPath3 = SinoSystemWatch.Base
		SccProjectUniqueName4 = SinoSysWatchService\\SinoSysWatchService.csproj
		SccProjectName4 = SinoSysWatchService
		SccLocalPath4 = SinoSysWatchService
		SccProjectUniqueName5 = SinoSysWatchService.System\\SinoSysWatchService.System.csproj
		SccProjectName5 = SinoSysWatchService.System
		SccLocalPath5 = SinoSysWatchService.System
		SccProjectUniqueName6 = SysWatchServiceLib\\SysWatchServiceLib.csproj
		SccProjectName6 = SysWatchServiceLib
		SccLocalPath6 = SysWatchServiceLib
		SccProjectUniqueName7 = SinoSysWatchService.DataBase\\SinoSysWatchService.DataBase.csproj
		SccProjectName7 = SinoSysWatchService.DataBase
		SccLocalPath7 = SinoSysWatchService.DataBase
		SccProjectUniqueName8 = SinoSZJS.Base\\SinoSZJS.Base.csproj
		SccProjectName8 = SinoSZJS.Base
		SccLocalPath8 = SinoSZJS.Base
		SccProjectUniqueName9 = SinoSysWatchService.Application\\SinoSysWatchService.Application.csproj
		SccProjectName9 = SinoSysWatchService.Application
		SccLocalPath9 = SinoSysWatchService.Application
		SccProjectUniqueName10 = SinoSysWatchService.Task\\SinoSysWatchService.Task.csproj
		SccProjectName10 = SinoSysWatchService.Task
		SccLocalPath10 = SinoSysWatchService.Task
		SccProjectUniqueName11 = SinoSZJS.DataAccess\\SinoSZJS.DataAccess.csproj
		SccProjectName11 = SinoSZJS.DataAccess
		SccLocalPath11 = SinoSZJS.DataAccess
		SccProjectUniqueName12 = SinoSysWatchService.Setup\\SinoSysWatchService.Setup.vdproj
		SccProjectName12 = SinoSysWatchService.Setup
		SccLocalPath12 = SinoSysWatchService.Setup
		SccProjectUniqueName13 = SinoSysMonitorCenter.Setup\\SinoSysMonitorCenter.Setup.vdproj
		SccProjectName13 = SinoSysMonitorCenter.Setup
		SccLocalPath13 = SinoSysMonitorCenter.Setup
		SccProjectUniqueName14 = SinoSysWatch.Setup\\SinoSysWatch.Setup.vdproj
		SccProjectName14 = SinoSysWatch.Setup
		SccLocalPath14 = SinoSysWatch.Setup
		SccProjectUniqueName15 = SinoSystemWatch.Config\\SinoSystemWatch.Config.csproj
		SccProjectName15 = SinoSystemWatch.Config
		SccLocalPath15 = SinoSystemWatch.Config
	EndGlobalSection
	GlobalSection(SolutionConfigurationPlatforms) = preSolution
		Debug|Any CPU = Debug|Any CPU
		Debug|Mixed Platforms = Debug|Mixed Platforms
		Debug|x86 = Debug|x86
		Release|Any CPU = Release|Any CPU
		Release|Mixed Platforms = Release|Mixed Platforms
		Release|x86 = Release|x86
	EndGlobalSection
	GlobalSection(ProjectConfigurationPlatforms) = postSolution
		{CFCD5737-FD27-42EA-9675-88ADAF9AEDEA}.Debug|Any CPU.ActiveCfg = Debug|x86
		{CFCD5737-FD27-42EA-9675-88ADAF9AEDEA}.Debug|Mixed Platforms.ActiveCfg = Debug|x86
		{CFCD5737-FD27-42EA-9675-88ADAF9AEDEA}.Debug|Mixed Platforms.Build.0 = Debug|x86
		{CFCD5737-FD27-42EA-9675-88ADAF9AEDEA}.Debug|x86.ActiveCfg = Debug|x86
		{CFCD5737-FD27-42EA-9675-88ADAF9AEDEA}.Debug|x86.Build.0 = Debug|x86
		{CFCD5737-FD27-42EA-9675-88ADAF9AEDEA}.Release|Any CPU.ActiveCfg = Release|x86
		{CFCD5737-FD27-42EA-9675-88ADAF9AEDEA}.Release|Mixed Platforms.ActiveCfg = Release|x86
		{CFCD5737-FD27-42EA-9675-88ADAF9AEDEA}.Release|Mixed Platforms.Build.0 = Release|x86
		{CFCD5737-FD27-42EA-9675-88ADAF9AEDEA}.Release|x86.ActiveCfg = Release|x86
		{CFCD5737-FD27-42EA-9675-88ADAF9AEDEA}.Release|x86.Build.0 = Release|x86
		{59A060BA-1D1D-43C2-9C4E-51E368F67FE3}.Debug|Any CPU.ActiveCfg = Debug|Any CPU
		{59A060BA-1D1D-43C2-9C4E-51E368F67FE3}.Debug|Any CPU.Build.0 = Debug|Any CPU
		{59A060BA-1D1D-43C2-9C4E-51E368F67FE3}.Debug|Mixed Platforms.ActiveCfg = Debug|Any CPU
		{59A060BA-1D1D-43C2-9C4E-51E368F67FE3}.Debug|Mixed Platforms.Build.0 = Debug|Any CPU
		{59A060BA-1D1D-43C2-9C4E-51E368F67FE3}.Debug|x86.ActiveCfg = Debug|Any CPU
		{59A060BA-1D1D-43C2-9C4E-51E368F67FE3}.Release|Any CPU.ActiveCfg = Release|Any CPU
		{59A060BA-1D1D-43C2-9C4E-51E368F67FE3}.Release|Any CPU.Build.0 = Release|Any CPU
		{59A060BA-1D1D-43C2-9C4E-51E368F67FE3}.Release|Mixed Platforms.ActiveCfg = Release|Any CPU
		{59A060BA-1D1D-43C2-9C4E-51E368F67FE3}.Release|Mixed Platforms.Build.0 = Release|Any CPU
		{59A060BA-1D1D-43C2-9C4E-51E368F67FE3}.Release|x86.ActiveCfg = Release|Any CPU
		{937D10FA-6EBE-4B1E-A1E5-C76EA6DDE779}.Debug|Any CPU.ActiveCfg = Debug|Any CPU
		{937D10FA-6EBE-4B1E-A1E5-C76EA6DDE779}.Debug|Any CPU.Build.0 = Debug|Any CPU
		{937D10FA-6EBE-4B1E-A1E5-C76EA6DDE779}.Debug|Mixed Platforms.ActiveCfg = Debug|Any CPU
		{937D10FA-6EBE-4B1E-A1E5-C76EA6DDE779}.Debug|Mixed Platforms.Build.0 = Debug|Any CPU
		{937D10FA-6EBE-4B1E-A1E5-C76EA6DDE779}.Debug|x86.ActiveCfg = Debug|Any CPU
		{937D10FA-6EBE-4B1E-A1E5-C76EA6DDE779}.Release|Any CPU.ActiveCfg = Release|Any CPU
		{937D10FA-6EBE-4B1E-A1E5-C76EA6DDE779}.Release|Any CPU.Build.0 = Release|Any CPU
		{937D10FA-6EBE-4B1E-A1E5-C76EA6DDE779}.Release|Mixed Platforms.ActiveCfg = Release|Any CPU
		{937D10FA-6EBE-4B1E-A1E5-C76EA6DDE779}.Release|Mixed Platforms.Build.0 = Release|Any CPU
		{937D10FA-6EBE-4B1E-A1E5-C76EA6DDE779}.Release|x86.ActiveCfg = Release|Any CPU
		{47E44659-1F13-4CC2-AF02-B7BFDCE1B748}.Debug|Any CPU.ActiveCfg = Debug|Any CPU
		{47E44659-1F13-4CC2-AF02-B7BFDCE1B748}.Debug|Any CPU.Build.0 = Debug|Any CPU
		{47E44659-1F13-4CC2-AF02-B7BFDCE1B748}.Debug|Mixed Platforms.ActiveCfg = Debug|Any CPU
		{47E44659-1F13-4CC2-AF02-B7BFDCE1B748}.Debug|Mixed Platforms.Build.0 = Debug|Any CPU
		{47E44659-1F13-4CC2-AF02-B7BFDCE1B748}.Debug|x86.ActiveCfg = Debug|Any CPU
		{47E44659-1F13-4CC2-AF02-B7BFDCE1B748}.Release|Any CPU.ActiveCfg = Release|Any CPU
		{47E44659-1F13-4CC2-AF02-B7BFDCE1B748}.Release|Any CPU.Build.0 = Release|Any CPU
		{47E44659-1F13-4CC2-AF02-B7BFDCE1B748}.Release|Mixed Platforms.ActiveCfg = Release|Any CPU
		{47E44659-1F13-4CC2-AF02-B7BFDCE1B748}.Release|Mixed Platforms.Build.0 = Release|Any CPU
		{47E44659-1F13-4CC2-AF02-B7BFDCE1B748}.Release|x86.ActiveCfg = Release|Any CPU
		{570709B7-2FC6-4EA2-AC5F-841851E1BBFC}.Debug|Any CPU.ActiveCfg = Debug|Any CPU
		{570709B7-2FC6-4EA2-AC5F-841851E1BBFC}.Debug|Any CPU.Build.0 = Debug|Any CPU
		{570709B7-2FC6-4EA2-AC5F-841851E1BBFC}.Debug|Mixed Platforms.ActiveCfg = Debug|Any CPU
		{570709B7-2FC6-4EA2-AC5F-841851E1BBFC}.Debug|Mixed Platforms.Build.0 = Debug|Any CPU
		{570709B7-2FC6-4EA2-AC5F-841851E1BBFC}.Debug|x86.ActiveCfg = Debug|Any CPU
		{570709B7-2FC6-4EA2-AC5F-841851E1BBFC}.Release|Any CPU.ActiveCfg = Release|Any CPU
		{570709B7-2FC6-4EA2-AC5F-841851E1BBFC}.Release|Any CPU.Build.0 = Release|Any CPU
		{570709B7-2FC6-4EA2-AC5F-841851E1BBFC}.Release|Mixed Platforms.ActiveCfg = Release|Any CPU
		{570709B7-2FC6-4EA2-AC5F-841851E1BBFC}.Release|Mixed Platforms.Build.0 = Release|Any CPU
		{570709B7-2FC6-4EA2-AC5F-841851E1BBFC}.Release|x86.ActiveCfg = Release|Any CPU
		{D7AB2B9F-1F0C-4DBE-94E5-2BC1CBA2BDE5}.Debug|Any CPU.ActiveCfg = Debug|Any CPU
		{D7AB2B9F-1F0C-4DBE-94E5-2BC1CBA2BDE5}.Debug|Any CPU.Build.0 = Debug|Any CPU
		{D7AB2B9F-1F0C-4DBE-94E5-2BC1CBA2BDE5}.Debug|Mixed Platforms.ActiveCfg = Debug|Any CPU
		{D7AB2B9F-1F0C-4DBE-94E5-2BC1CBA2BDE5}.Debug|Mixed Platforms.Build.0 = Debug|Any CPU
		{D7AB2B9F-1F0C-4DBE-94E5-2BC1CBA2BDE5}.Debug|x86.ActiveCfg = Debug|Any CPU
		{D7AB2B9F-1F0C-4DBE-94E5-2BC1CBA2BDE5}.Release|Any CPU.ActiveCfg = Release|Any CPU
		{D7AB2B9F-1F0C-4DBE-94E5-2BC1CBA2BDE5}.Release|Any CPU.Build.0 = Release|Any CPU
		{D7AB2B9F-1F0C-4DBE-94E5-2BC1CBA2BDE5}.Release|Mixed Platforms.ActiveCfg = Release|Any CPU
		{D7AB2B9F-1F0C-4DBE-94E5-2BC1CBA2BDE5}.Release|Mixed Platforms.Build.0 = Release|Any CPU
		{D7AB2B9F-1F0C-4DBE-94E5-2BC1CBA2BDE5}.Release|x86.ActiveCfg = Release|Any CPU
		{858F1C1F-4D9B-4A92-B592-0CC47B5EBE8E}.Debug|Any CPU.ActiveCfg = Debug|Any CPU
		{858F1C1F-4D9B-4A92-B592-0CC47B5EBE8E}.Debug|Any CPU.Build.0 = Debug|Any CPU
		{858F1C1F-4D9B-4A92-B592-0CC47B5EBE8E}.Debug|Mixed Platforms.ActiveCfg = Debug|Any CPU
		{858F1C1F-4D9B-4A92-B592-0CC47B5EBE8E}.Debug|Mixed Platforms.Build.0 = Debug|Any CPU
		{858F1C1F-4D9B-4A92-B592-0CC47B5EBE8E}.Debug|x86.ActiveCfg = Debug|Any CPU
		{858F1C1F-4D9B-4A92-B592-0CC47B5EBE8E}.Release|Any CPU.ActiveCfg = Release|Any CPU
		{858F1C1F-4D9B-4A92-B592-0CC47B5EBE8E}.Release|Any CPU.Build.0 = Release|Any CPU
		{858F1C1F-4D9B-4A92-B592-0CC47B5EBE8E}.Release|Mixed Platforms.ActiveCfg = Release|Any CPU
		{858F1C1F-4D9B-4A92-B592-0CC47B5EBE8E}.Release|Mixed Platforms.Build.0 = Release|Any CPU
		{858F1C1F-4D9B-4A92-B592-0CC47B5EBE8E}.Release|x86.ActiveCfg = Release|Any CPU
		{3045A7FB-C841-4C65-978C-405D04151AC7}.Debug|Any CPU.ActiveCfg = Debug|Any CPU
		{3045A7FB-C841-4C65-978C-405D04151AC7}.Debug|Any CPU.Build.0 = Debug|Any CPU
		{3045A7FB-C841-4C65-978C-405D04151AC7}.Debug|Mixed Platforms.ActiveCfg = Debug|Any CPU
		{3045A7FB-C841-4C65-978C-405D04151AC7}.Debug|Mixed Platforms.Build.0 = Debug|Any CPU
		{3045A7FB-C841-4C65-978C-405D04151AC7}.Debug|x86.ActiveCfg = Debug|Any CPU
		{3045A7FB-C841-4C65-978C-405D04151AC7}.Release|Any CPU.ActiveCfg = Release|Any CPU
		{3045A7FB-C841-4C65-978C-405D04151AC7}.Release|Any CPU.Build.0 = Release|Any CPU
		{3045A7FB-C841-4C65-978C-405D04151AC7}.Release|Mixed Platforms.ActiveCfg = Release|Any CPU
		{3045A7FB-C841-4C65-978C-405D04151AC7}.Release|Mixed Platforms.Build.0 = Release|Any CPU
		{3045A7FB-C841-4C65-978C-405D04151AC7}.Release|x86.ActiveCfg = Release|Any CPU
		{76FC4ED1-A1D0-4167-9C82-2B69EFF6A33B}.Debug|Any CPU.ActiveCfg = Debug|Any CPU
		{76FC4ED1-A1D0-4167-9C82-2B69EFF6A33B}.Debug|Any CPU.Build.0 = Debug|Any CPU
		{76FC4ED1-A1D0-4167-9C82-2B69EFF6A33B}.Debug|Mixed Platforms.ActiveCfg = Debug|x86
		{76FC4ED1-A1D0-4167-9C82-2B69EFF6A33B}.Debug|Mixed Platforms.Build.0 = Debug|x86
		{76FC4ED1-A1D0-4167-9C82-2B69EFF6A33B}.Debug|x86.ActiveCfg = Debug|x86
		{76FC4ED1-A1D0-4167-9C82-2B69EFF6A33B}.Debug|x86.Build.0 = Debug|x86
		{76FC4ED1-A1D0-4167-9C82-2B69EFF6A33B}.Release|Any CPU.ActiveCfg = Release|Any CPU
		{76FC4ED1-A1D0-4167-9C82-2B69EFF6A33B}.Release|Any CPU.Build.0 = Release|Any CPU
		{76FC4ED1-A1D0-4167-9C82-2B69EFF6A33B}.Release|Mixed Platforms.ActiveCfg = Release|x86
		{76FC4ED1-A1D0-4167-9C82-2B69EFF6A33B}.Release|Mixed Platforms.Build.0 = Release|x86
		{76FC4ED1-A1D0-4167-9C82-2B69EFF6A33B}.Release|x86.ActiveCfg = Release|x86
		{76FC4ED1-A1D0-4167-9C82-2B69EFF6A33B}.Release|x86.Build.0 = Release|x86
		{E625E740-C709-4EBE-AAD2-A32BAE2359A3}.Debug|Any CPU.ActiveCfg = Debug|Any CPU
		{E625E740-C709-4EBE-AAD2-A32BAE2359A3}.Debug|Any CPU.Build.0 = Debug|Any CPU
		{E625E740-C709-4EBE-AAD2-A32BAE2359A3}.Debug|Mixed Platforms.ActiveCfg = Debug|Any CPU
		{E625E740-C709-4EBE-AAD2-A32BAE2359A3}.Debug|Mixed Platforms.Build.0 = Debug|Any CPU
		{E625E740-C709-4EBE-AAD2-A32BAE2359A3}.Debug|x86.ActiveCfg = Debug|Any CPU
		{E625E740-C709-4EBE-AAD2-A32BAE2359A3}.Release|Any CPU.ActiveCfg = Release|Any CPU
		{E625E740-C709-4EBE-AAD2-A32BAE2359A3}.Release|Any CPU.Build.0 = Release|Any CPU
		{E625E740-C709-4EBE-AAD2-A32BAE2359A3}.Release|Mixed Platforms.ActiveCfg = Release|Any CPU
		{E625E740-C709-4EBE-AAD2-A32BAE2359A3}.Release|Mixed Platforms.Build.0 = Release|Any CPU
		{E625E740-C709-4EBE-AAD2-A32BAE2359A3}.Release|x86.ActiveCfg = Release|Any CPU
		{C41251E4-BC9E-4A3C-92D0-22682FBAA541}.Debug|Any CPU.ActiveCfg = Debug|Any CPU
		{C41251E4-BC9E-4A3C-92D0-22682FBAA541}.Debug|Any CPU.Build.0 = Debug|Any CPU
		{C41251E4-BC9E-4A3C-92D0-22682FBAA541}.Debug|Mixed Platforms.ActiveCfg = Debug|x86
		{C41251E4-BC9E-4A3C-92D0-22682FBAA541}.Debug|Mixed Platforms.Build.0 = Debug|x86
		{C41251E4-BC9E-4A3C-92D0-22682FBAA541}.Debug|x86.ActiveCfg = Debug|x86
		{C41251E4-BC9E-4A3C-92D0-22682FBAA541}.Debug|x86.Build.0 = Debug|x86
		{C41251E4-BC9E-4A3C-92D0-22682FBAA541}.Release|Any CPU.ActiveCfg = Release|Any CPU
		{C41251E4-BC9E-4A3C-92D0-22682FBAA541}.Release|Any CPU.Build.0 = Release|Any CPU
		{C41251E4-BC9E-4A3C-92D0-22682FBAA541}.Release|Mixed Platforms.ActiveCfg = Release|x86
		{C41251E4-BC9E-4A3C-92D0-22682FBAA541}.Release|Mixed Platforms.Build.0 = Release|x86
		{C41251E4-BC9E-4A3C-92D0-22682FBAA541}.Release|x86.ActiveCfg = Release|x86
		{C41251E4-BC9E-4A3C-92D0-22682FBAA541}.Release|x86.Build.0 = Release|x86
		{DC6A1AA0-7AF1-4F27-8878-880B6A3F7C7E}.Debug|Any CPU.ActiveCfg = Debug
		{DC6A1AA0-7AF1-4F27-8878-880B6A3F7C7E}.Debug|Mixed Platforms.ActiveCfg = Debug
		{DC6A1AA0-7AF1-4F27-8878-880B6A3F7C7E}.Debug|x86.ActiveCfg = Debug
		{DC6A1AA0-7AF1-4F27-8878-880B6A3F7C7E}.Release|Any CPU.ActiveCfg = Release
		{DC6A1AA0-7AF1-4F27-8878-880B6A3F7C7E}.Release|Mixed Platforms.ActiveCfg = Release
		{DC6A1AA0-7AF1-4F27-8878-880B6A3F7C7E}.Release|x86.ActiveCfg = Release
		{8444F792-142D-4CE6-8167-A41FEBEB384A}.Debug|Any CPU.ActiveCfg = Debug
		{8444F792-142D-4CE6-8167-A41FEBEB384A}.Debug|Mixed Platforms.ActiveCfg = Debug
		{8444F792-142D-4CE6-8167-A41FEBEB384A}.Debug|x86.ActiveCfg = Debug
		{8444F792-142D-4CE6-8167-A41FEBEB384A}.Release|Any CPU.ActiveCfg = Release
		{8444F792-142D-4CE6-8167-A41FEBEB384A}.Release|Mixed Platforms.ActiveCfg = Release
		{8444F792-142D-4CE6-8167-A41FEBEB384A}.Release|x86.ActiveCfg = Release
		{DF1D6FF1-73CC-459D-BBC9-384B32F6E6F2}.Debug|Any CPU.ActiveCfg = Debug
		{DF1D6FF1-73CC-459D-BBC9-384B32F6E6F2}.Debug|Mixed Platforms.ActiveCfg = Debug
		{DF1D6FF1-73CC-459D-BBC9-384B32F6E6F2}.Debug|x86.ActiveCfg = Debug
		{DF1D6FF1-73CC-459D-BBC9-384B32F6E6F2}.Release|Any CPU.ActiveCfg = Release
		{DF1D6FF1-73CC-459D-BBC9-384B32F6E6F2}.Release|Mixed Platforms.ActiveCfg = Release
		{DF1D6FF1-73CC-459D-BBC9-384B32F6E6F2}.Release|x86.ActiveCfg = Release
		{02225C7E-CC03-466D-9D6E-96CB6DD98E83}.Debug|Any CPU.ActiveCfg = Debug|Any CPU
		{02225C7E-CC03-466D-9D6E-96CB6DD98E83}.Debug|Any CPU.Build.0 = Debug|Any CPU
		{02225C7E-CC03-466D-9D6E-96CB6DD98E83}.Debug|Mixed Platforms.ActiveCfg = Debug|Any CPU
		{02225C7E-CC03-466D-9D6E-96CB6DD98E83}.Debug|Mixed Platforms.Build.0 = Debug|Any CPU
		{02225C7E-CC03-466D-9D6E-96CB6DD98E83}.Debug|x86.ActiveCfg = Debug|Any CPU
		{02225C7E-CC03-466D-9D6E-96CB6DD98E83}.Release|Any CPU.ActiveCfg = Release|Any CPU
		{02225C7E-CC03-466D-9D6E-96CB6DD98E83}.Release|Any CPU.Build.0 = Release|Any CPU
		{02225C7E-CC03-466D-9D6E-96CB6DD98E83}.Release|Mixed Platforms.ActiveCfg = Release|Any CPU
		{02225C7E-CC03-466D-9D6E-96CB6DD98E83}.Release|Mixed Platforms.Build.0 = Release|Any CPU
		{02225C7E-CC03-466D-9D6E-96CB6DD98E83}.Release|x86.ActiveCfg = Release|Any CPU
	EndGlobalSection
	GlobalSection(SolutionProperties) = preSolution
		HideSolutionNode = FALSE
	EndGlobalSection
EndGlobal
